
Microsoft Visual Studio Solution File, Format Version 12.00
# Visual Studio Version 16
VisualStudioVersion = 16.0.29201.188
MinimumVisualStudioVersion = 10.0.40219.1
Project("{FAE04EC0-301F-11D3-BF4B-00C04F79EFBC}") = "ServiceWorkloadContainerService", "ServiceWorkloadContainerService\ServiceWorkloadContainerService.csproj", "{D7C2C31A-068E-4649-9D6B-FAE639D5E113}"
EndProject
Project("{FAE04EC0-301F-11D3-BF4B-00C04F79EFBC}") = "ServiceWorkloads", "ServiceWorkloads\ServiceWorkloads.csproj", "{76652CF7-FDB2-DFFB-5B4A-86292BDE6B14}"
EndProject
Project("{FAE04EC0-301F-11D3-BF4B-00C04F79EFBC}") = "ServiceWorkloadTestConsole", "ServiceWorkloadTestConsole\ServiceWorkloadTestConsole.csproj", "{362617DE-A54D-49F8-BE7D-B88792A853C2}"
EndProject
Global
	GlobalSection(SolutionConfigurationPlatforms) = preSolution
		Debug|Any CPU = Debug|Any CPU
		Release|Any CPU = Release|Any CPU
	EndGlobalSection
	GlobalSection(ProjectConfigurationPlatforms) = postSolution
		{D7C2C31A-068E-4649-9D6B-FAE639D5E113}.Debug|Any CPU.ActiveCfg = Debug|Any CPU
		{D7C2C31A-068E-4649-9D6B-FAE639D5E113}.Debug|Any CPU.Build.0 = Debug|Any CPU
		{D7C2C31A-068E-4649-9D6B-FAE639D5E113}.Release|Any CPU.ActiveCfg = Release|Any CPU
		{D7C2C31A-068E-4649-9D6B-FAE639D5E113}.Release|Any CPU.Build.0 = Release|Any CPU
		{76652CF7-FDB2-DFFB-5B4A-86292BDE6B14}.Debug|Any CPU.ActiveCfg = Debug|Any CPU
		{76652CF7-FDB2-DFFB-5B4A-86292BDE6B14}.Debug|Any CPU.Build.0 = Debug|Any CPU
		{76652CF7-FDB2-DFFB-5B4A-86292BDE6B14}.Release|Any CPU.ActiveCfg = Release|Any CPU
		{76652CF7-FDB2-DFFB-5B4A-86292BDE6B14}.Release|Any CPU.Build.0 = Release|Any CPU
		{362617DE-A54D-49F8-BE7D-B88792A853C2}.Debug|Any CPU.ActiveCfg = Debug|Any CPU
		{362617DE-A54D-49F8-BE7D-B88792A853C2}.Debug|Any CPU.Build.0 = Debug|Any CPU
		{362617DE-A54D-49F8-BE7D-B88792A853C2}.Release|Any CPU.ActiveCfg = Release|Any CPU
		{362617DE-A54D-49F8-BE7D-B88792A853C2}.Release|Any CPU.Build.0 = Release|Any CPU
	EndGlobalSection
	GlobalSection(SolutionProperties) = preSolution
		HideSolutionNode = FALSE
	EndGlobalSection
	GlobalSection(ExtensibilityGlobals) = postSolution
		SolutionGuid = {0E2BE58A-9EFC-4827-A078-28EE77E2E22C}
	EndGlobalSection
EndGlobal
